
Microsoft Visual Studio Solution File, Format Version 12.00
# Visual Studio Version 16
VisualStudioVersion = 16.0.29709.97
MinimumVisualStudioVersion = 10.0.40219.1
Project("{FAE04EC0-301F-11D3-BF4B-00C04F79EFBC}") = "Delineation", "Delineation\Delineation.csproj", "{C43DA376-1FCC-4EF8-856D-5D58174C26F3}"
EndProject
Global
	GlobalSection(SolutionConfigurationPlatforms) = preSolution
		Debug|Any CPU = Debug|Any CPU
		Release|Any CPU = Release|Any CPU
	EndGlobalSection
	GlobalSection(ProjectConfigurationPlatforms) = postSolution
		{C43DA376-1FCC-4EF8-856D-5D58174C26F3}.Debug|Any CPU.ActiveCfg = Debug|Any CPU
		{C43DA376-1FCC-4EF8-856D-5D58174C26F3}.Debug|Any CPU.Build.0 = Debug|Any CPU
		{C43DA376-1FCC-4EF8-856D-5D58174C26F3}.Release|Any CPU.ActiveCfg = Release|Any CPU
		{C43DA376-1FCC-4EF8-856D-5D58174C26F3}.Release|Any CPU.Build.0 = Release|Any CPU
	EndGlobalSection
	GlobalSection(SolutionProperties) = preSolution
		HideSolutionNode = FALSE
	EndGlobalSection
	GlobalSection(ExtensibilityGlobals) = postSolution
		SolutionGuid = {CCB72DC1-E37D-4E85-81D4-CEBFD9470FFB}
	EndGlobalSection
EndGlobal
